
Microsoft Visual Studio Solution File, Format Version 12.00
# Visual Studio Version 16
VisualStudioVersion = 16.0.32901.82
MinimumVisualStudioVersion = 10.0.40219.1
Project("{FAE04EC0-301F-11D3-BF4B-00C04F79EFBC}") = "LoginRegistrationForm", "LoginRegistrationForm\LoginRegistrationForm.csproj", "{70E5E0FF-FDE9-425E-A225-8BAA53423F8D}"
EndProject
Global
	GlobalSection(SolutionConfigurationPlatforms) = preSolution
		Debug|Any CPU = Debug|Any CPU
		Release|Any CPU = Release|Any CPU
	EndGlobalSection
	GlobalSection(ProjectConfigurationPlatforms) = postSolution
		{70E5E0FF-FDE9-425E-A225-8BAA53423F8D}.Debug|Any CPU.ActiveCfg = Debug|Any CPU
		{70E5E0FF-FDE9-425E-A225-8BAA53423F8D}.Debug|Any CPU.Build.0 = Debug|Any CPU
		{70E5E0FF-FDE9-425E-A225-8BAA53423F8D}.Release|Any CPU.ActiveCfg = Release|Any CPU
		{70E5E0FF-FDE9-425E-A225-8BAA53423F8D}.Release|Any CPU.Build.0 = Release|Any CPU
	EndGlobalSection
	GlobalSection(SolutionProperties) = preSolution
		HideSolutionNode = FALSE
	EndGlobalSection
	GlobalSection(ExtensibilityGlobals) = postSolution
		SolutionGuid = {BE12765F-57DD-4E5B-8BD1-FC765334720A}
	EndGlobalSection
EndGlobal
